{
  "name": "styled-jsx-languageserver",
  "version": "0.0.1",
  "lockfileVersion": 2,
  "requires": true,
  "packages": {
    "": {
      "name": "styled-jsx-languageserver",
      "version": "0.0.1",
      "license": "MIT",
      "dependencies": {
        "typescript": "file:../node_modules/typescript",
        "vscode-css-languageservice": "^5.1.13",
        "vscode-languageserver": "^7.0.0",
        "vscode-languageserver-textdocument": "^1.0.4"
      },
      "devDependencies": {
        "snazzy": "file:../node_modules/snazzy",
        "ts-standard": "file:../node_modules/ts-standard"
      },
      "engines": {
        "node": "*"
      }
    },
    "../node_modules/snazzy": {
      "version": "9.0.0",
      "dev": true,
      "funding": [
        {
          "type": "github",
          "url": "https://github.com/sponsors/feross"
        },
        {
          "type": "patreon",
          "url": "https://www.patreon.com/feross"
        },
        {
          "type": "consulting",
          "url": "https://feross.org/support"
        }
      ],
      "license": "MIT",
      "dependencies": {
        "chalk": "^4.1.0",
        "inherits": "^2.0.4",
        "minimist": "^1.2.5",
        "readable-stream": "^3.6.0",
        "standard-json": "^1.1.0",
        "strip-ansi": "^6.0.0",
        "text-table": "^0.2.0"
      },
      "bin": {
        "snazzy": "bin/cmd.js"
      },
      "devDependencies": {
        "standard": "*"
      }
    },
    "../node_modules/ts-standard": {
      "version": "11.0.0",
      "dev": true,
      "license": "MIT",
      "dependencies": {
        "@typescript-eslint/eslint-plugin": "^4.26.1",
        "eslint": "^7.28.0",
        "eslint-config-standard": "^16.0.3",
        "eslint-config-standard-jsx": "^10.0.0",
        "eslint-config-standard-with-typescript": "^21.0.1",
        "eslint-plugin-import": "^2.23.4",
        "eslint-plugin-node": "^11.1.0",
        "eslint-plugin-promise": "^5.1.0",
        "eslint-plugin-react": "^7.24.0",
        "get-stdin": "^8.0.0",
        "minimist": "^1.2.5",
        "pkg-conf": "^3.1.0",
        "standard-engine": "^14.0.1"
      },
      "bin": {
        "ts-standard": "bin/cmd.js"
      },
      "devDependencies": {
        "@commitlint/cli": "^14.1.0",
        "@commitlint/config-conventional": "^14.1.0",
        "@types/eslint": "^7.2.13",
        "@types/jest": "^27.0.1",
        "@types/minimist": "^1.2.1",
        "@types/node": "^16.0.0",
        "coveralls": "^3.1.0",
        "husky": "^7.0.0",
        "jest": "^26.6.3",
        "pinst": "^2.1.6",
        "prettier": "^2.3.1",
        "ts-jest": "^26.5.1",
        "ts-node": "^10.0.0",
        "typescript": "^4.3.2"
      },
      "engines": {
        "node": ">=12.0.0"
      },
      "peerDependencies": {
        "typescript": ">=3.8"
      }
    },
    "../node_modules/typescript": {
      "version": "4.4.3",
      "license": "Apache-2.0",
      "bin": {
        "tsc": "bin/tsc",
        "tsserver": "bin/tsserver"
      },
      "devDependencies": {
        "@octokit/rest": "latest",
        "@types/browserify": "latest",
        "@types/chai": "latest",
        "@types/convert-source-map": "latest",
        "@types/glob": "latest",
        "@types/gulp": "^4.0.5",
        "@types/gulp-concat": "latest",
        "@types/gulp-newer": "latest",
        "@types/gulp-rename": "0.0.33",
        "@types/gulp-sourcemaps": "0.0.32",
        "@types/jake": "latest",
        "@types/merge2": "latest",
        "@types/microsoft__typescript-etw": "latest",
        "@types/minimatch": "latest",
        "@types/minimist": "latest",
        "@types/mkdirp": "latest",
        "@types/mocha": "latest",
        "@types/ms": "latest",
        "@types/node": "latest",
        "@types/node-fetch": "^2.3.4",
        "@types/q": "latest",
        "@types/source-map-support": "latest",
        "@types/through2": "latest",
        "@types/xml2js": "^0.4.0",
        "@typescript-eslint/eslint-plugin": "^4.28.0",
        "@typescript-eslint/experimental-utils": "^4.28.0",
        "@typescript-eslint/parser": "^4.28.0",
        "async": "latest",
        "azure-devops-node-api": "^10.1.0",
        "browser-resolve": "^1.11.2",
        "browserify": "latest",
        "chai": "latest",
        "chalk": "latest",
        "convert-source-map": "latest",
        "del": "5.1.0",
        "diff": "^4.0.2",
        "eslint": "7.12.1",
        "eslint-formatter-autolinkable-stylish": "1.1.4",
        "eslint-plugin-import": "2.22.1",
        "eslint-plugin-jsdoc": "30.7.6",
        "eslint-plugin-no-null": "1.0.2",
        "fancy-log": "latest",
        "fs-extra": "^9.0.0",
        "glob": "latest",
        "gulp": "^4.0.0",
        "gulp-concat": "latest",
        "gulp-insert": "latest",
        "gulp-newer": "latest",
        "gulp-rename": "latest",
        "gulp-sourcemaps": "latest",
        "istanbul": "latest",
        "merge2": "latest",
        "minimist": "latest",
        "mkdirp": "latest",
        "mocha": "latest",
        "mocha-fivemat-progress-reporter": "latest",
        "ms": "latest",
        "node-fetch": "^2.6.0",
        "plugin-error": "latest",
        "pretty-hrtime": "^1.0.3",
        "prex": "^0.4.3",
        "q": "latest",
        "remove-internal": "^2.9.2",
        "source-map-support": "latest",
        "through2": "latest",
        "typescript": "^4.2.3",
        "vinyl": "latest",
        "vinyl-sourcemaps-apply": "latest",
        "xml2js": "^0.4.19"
      },
      "engines": {
        "node": ">=4.2.0"
      }
    },
    "node_modules/snazzy": {
      "resolved": "../node_modules/snazzy",
      "link": true
    },
    "node_modules/ts-standard": {
      "resolved": "../node_modules/ts-standard",
      "link": true
    },
    "node_modules/typescript": {
      "resolved": "../node_modules/typescript",
      "link": true
    },
    "node_modules/vscode-css-languageservice": {
      "version": "5.1.13",
      "resolved": "https://registry.npmjs.org/vscode-css-languageservice/-/vscode-css-languageservice-5.1.13.tgz",
      "integrity": "sha512-FA0foqMzMmEoO0WJP+MjoD4dRERhKS+Ag+yBrtmWQDmw2OuZ1R/5FkvI/XdTkCpHmTD9VMczugpHRejQyTXCNQ==",
      "dependencies": {
        "vscode-languageserver-textdocument": "^1.0.1",
        "vscode-languageserver-types": "^3.16.0",
        "vscode-nls": "^5.0.0",
        "vscode-uri": "^3.0.2"
      }
    },
    "node_modules/vscode-jsonrpc": {
      "version": "6.0.0",
      "resolved": "https://registry.npmjs.org/vscode-jsonrpc/-/vscode-jsonrpc-6.0.0.tgz",
      "integrity": "sha512-wnJA4BnEjOSyFMvjZdpiOwhSq9uDoK8e/kpRJDTaMYzwlkrhG1fwDIZI94CLsLzlCK5cIbMMtFlJlfR57Lavmg==",
      "engines": {
        "node": ">=8.0.0 || >=10.0.0"
      }
    },
    "node_modules/vscode-languageserver": {
      "version": "7.0.0",
      "resolved": "https://registry.npmjs.org/vscode-languageserver/-/vscode-languageserver-7.0.0.tgz",
      "integrity": "sha512-60HTx5ID+fLRcgdHfmz0LDZAXYEV68fzwG0JWwEPBode9NuMYTIxuYXPg4ngO8i8+Ou0lM7y6GzaYWbiDL0drw==",
      "dependencies": {
        "vscode-languageserver-protocol": "3.16.0"
      },
      "bin": {
        "installServerIntoExtension": "bin/installServerIntoExtension"
      }
    },
    "node_modules/vscode-languageserver-protocol": {
      "version": "3.16.0",
      "resolved": "https://registry.npmjs.org/vscode-languageserver-protocol/-/vscode-languageserver-protocol-3.16.0.tgz",
      "integrity": "sha512-sdeUoAawceQdgIfTI+sdcwkiK2KU+2cbEYA0agzM2uqaUy2UpnnGHtWTHVEtS0ES4zHU0eMFRGN+oQgDxlD66A==",
      "dependencies": {
        "vscode-jsonrpc": "6.0.0",
        "vscode-languageserver-types": "3.16.0"
      }
    },
    "node_modules/vscode-languageserver-textdocument": {
      "version": "1.0.4",
      "resolved": "https://registry.npmjs.org/vscode-languageserver-textdocument/-/vscode-languageserver-textdocument-1.0.4.tgz",
      "integrity": "sha512-/xhqXP/2A2RSs+J8JNXpiiNVvvNM0oTosNVmQnunlKvq9o4mupHOBAnnzH0lwIPKazXKvAKsVp1kr+H/K4lgoQ=="
    },
    "node_modules/vscode-languageserver-types": {
      "version": "3.16.0",
      "resolved": "https://registry.npmjs.org/vscode-languageserver-types/-/vscode-languageserver-types-3.16.0.tgz",
      "integrity": "sha512-k8luDIWJWyenLc5ToFQQMaSrqCHiLwyKPHKPQZ5zz21vM+vIVUSvsRpcbiECH4WR88K2XZqc4ScRcZ7nk/jbeA=="
    },
    "node_modules/vscode-nls": {
      "version": "5.0.0",
      "resolved": "https://registry.npmjs.org/vscode-nls/-/vscode-nls-5.0.0.tgz",
      "integrity": "sha512-u0Lw+IYlgbEJFF6/qAqG2d1jQmJl0eyAGJHoAJqr2HT4M2BNuQYSEiSE75f52pXHSJm8AlTjnLLbBFPrdz2hpA=="
    },
    "node_modules/vscode-uri": {
      "version": "3.0.3",
      "resolved": "https://registry.npmjs.org/vscode-uri/-/vscode-uri-3.0.3.tgz",
      "integrity": "sha512-EcswR2S8bpR7fD0YPeS7r2xXExrScVMxg4MedACaWHEtx9ftCF/qHG1xGkolzTPcEmjTavCQgbVzHUIdTMzFGA=="
    }
  },
  "dependencies": {
    "snazzy": {
      "version": "file:../node_modules/snazzy",
      "requires": {
        "chalk": "^4.1.0",
        "inherits": "^2.0.4",
        "minimist": "^1.2.5",
        "readable-stream": "^3.6.0",
        "standard": "*",
        "standard-json": "^1.1.0",
        "strip-ansi": "^6.0.0",
        "text-table": "^0.2.0"
      }
    },
    "ts-standard": {
      "version": "file:../node_modules/ts-standard",
      "requires": {
        "@commitlint/cli": "^14.1.0",
        "@commitlint/config-conventional": "^14.1.0",
        "@types/eslint": "^7.2.13",
        "@types/jest": "^27.0.1",
        "@types/minimist": "^1.2.1",
        "@types/node": "^16.0.0",
        "@typescript-eslint/eslint-plugin": "^4.26.1",
        "coveralls": "^3.1.0",
        "eslint": "^7.28.0",
        "eslint-config-standard": "^16.0.3",
        "eslint-config-standard-jsx": "^10.0.0",
        "eslint-config-standard-with-typescript": "^21.0.1",
        "eslint-plugin-import": "^2.23.4",
        "eslint-plugin-node": "^11.1.0",
        "eslint-plugin-promise": "^5.1.0",
        "eslint-plugin-react": "^7.24.0",
        "get-stdin": "^8.0.0",
        "husky": "^7.0.0",
        "jest": "^26.6.3",
        "minimist": "^1.2.5",
        "pinst": "^2.1.6",
        "pkg-conf": "^3.1.0",
        "prettier": "^2.3.1",
        "standard-engine": "^14.0.1",
        "ts-jest": "^26.5.1",
        "ts-node": "^10.0.0",
        "typescript": "^4.3.2"
      }
    },
    "typescript": {
      "version": "file:../node_modules/typescript",
      "requires": {
        "@octokit/rest": "latest",
        "@types/browserify": "latest",
        "@types/chai": "latest",
        "@types/convert-source-map": "latest",
        "@types/glob": "latest",
        "@types/gulp": "^4.0.5",
        "@types/gulp-concat": "latest",
        "@types/gulp-newer": "latest",
        "@types/gulp-rename": "0.0.33",
        "@types/gulp-sourcemaps": "0.0.32",
        "@types/jake": "latest",
        "@types/merge2": "latest",
        "@types/microsoft__typescript-etw": "latest",
        "@types/minimatch": "latest",
        "@types/minimist": "latest",
        "@types/mkdirp": "latest",
        "@types/mocha": "latest",
        "@types/ms": "latest",
        "@types/node": "latest",
        "@types/node-fetch": "^2.3.4",
        "@types/q": "latest",
        "@types/source-map-support": "latest",
        "@types/through2": "latest",
        "@types/xml2js": "^0.4.0",
        "@typescript-eslint/eslint-plugin": "^4.28.0",
        "@typescript-eslint/experimental-utils": "^4.28.0",
        "@typescript-eslint/parser": "^4.28.0",
        "async": "latest",
        "azure-devops-node-api": "^10.1.0",
        "browser-resolve": "^1.11.2",
        "browserify": "latest",
        "chai": "latest",
        "chalk": "latest",
        "convert-source-map": "latest",
        "del": "5.1.0",
        "diff": "^4.0.2",
        "eslint": "7.12.1",
        "eslint-formatter-autolinkable-stylish": "1.1.4",
        "eslint-plugin-import": "2.22.1",
        "eslint-plugin-jsdoc": "30.7.6",
        "eslint-plugin-no-null": "1.0.2",
        "fancy-log": "latest",
        "fs-extra": "^9.0.0",
        "glob": "latest",
        "gulp": "^4.0.0",
        "gulp-concat": "latest",
        "gulp-insert": "latest",
        "gulp-newer": "latest",
        "gulp-rename": "latest",
        "gulp-sourcemaps": "latest",
        "istanbul": "latest",
        "merge2": "latest",
        "minimist": "latest",
        "mkdirp": "latest",
        "mocha": "latest",
        "mocha-fivemat-progress-reporter": "latest",
        "ms": "latest",
        "node-fetch": "^2.6.0",
        "plugin-error": "latest",
        "pretty-hrtime": "^1.0.3",
        "prex": "^0.4.3",
        "q": "latest",
        "remove-internal": "^2.9.2",
        "source-map-support": "latest",
        "through2": "latest",
        "typescript": "^4.2.3",
        "vinyl": "latest",
        "vinyl-sourcemaps-apply": "latest",
        "xml2js": "^0.4.19"
      }
    },
    "vscode-css-languageservice": {
      "version": "5.1.13",
      "resolved": "https://registry.npmjs.org/vscode-css-languageservice/-/vscode-css-languageservice-5.1.13.tgz",
      "integrity": "sha512-FA0foqMzMmEoO0WJP+MjoD4dRERhKS+Ag+yBrtmWQDmw2OuZ1R/5FkvI/XdTkCpHmTD9VMczugpHRejQyTXCNQ==",
      "requires": {
        "vscode-languageserver-textdocument": "^1.0.1",
        "vscode-languageserver-types": "^3.16.0",
        "vscode-nls": "^5.0.0",
        "vscode-uri": "^3.0.2"
      }
    },
    "vscode-jsonrpc": {
      "version": "6.0.0",
      "resolved": "https://registry.npmjs.org/vscode-jsonrpc/-/vscode-jsonrpc-6.0.0.tgz",
      "integrity": "sha512-wnJA4BnEjOSyFMvjZdpiOwhSq9uDoK8e/kpRJDTaMYzwlkrhG1fwDIZI94CLsLzlCK5cIbMMtFlJlfR57Lavmg=="
    },
    "vscode-languageserver": {
      "version": "7.0.0",
      "resolved": "https://registry.npmjs.org/vscode-languageserver/-/vscode-languageserver-7.0.0.tgz",
      "integrity": "sha512-60HTx5ID+fLRcgdHfmz0LDZAXYEV68fzwG0JWwEPBode9NuMYTIxuYXPg4ngO8i8+Ou0lM7y6GzaYWbiDL0drw==",
      "requires": {
        "vscode-languageserver-protocol": "3.16.0"
      }
    },
    "vscode-languageserver-protocol": {
      "version": "3.16.0",
      "resolved": "https://registry.npmjs.org/vscode-languageserver-protocol/-/vscode-languageserver-protocol-3.16.0.tgz",
      "integrity": "sha512-sdeUoAawceQdgIfTI+sdcwkiK2KU+2cbEYA0agzM2uqaUy2UpnnGHtWTHVEtS0ES4zHU0eMFRGN+oQgDxlD66A==",
      "requires": {
        "vscode-jsonrpc": "6.0.0",
        "vscode-languageserver-types": "3.16.0"
      }
    },
    "vscode-languageserver-textdocument": {
      "version": "1.0.4",
      "resolved": "https://registry.npmjs.org/vscode-languageserver-textdocument/-/vscode-languageserver-textdocument-1.0.4.tgz",
      "integrity": "sha512-/xhqXP/2A2RSs+J8JNXpiiNVvvNM0oTosNVmQnunlKvq9o4mupHOBAnnzH0lwIPKazXKvAKsVp1kr+H/K4lgoQ=="
    },
    "vscode-languageserver-types": {
      "version": "3.16.0",
      "resolved": "https://registry.npmjs.org/vscode-languageserver-types/-/vscode-languageserver-types-3.16.0.tgz",
      "integrity": "sha512-k8luDIWJWyenLc5ToFQQMaSrqCHiLwyKPHKPQZ5zz21vM+vIVUSvsRpcbiECH4WR88K2XZqc4ScRcZ7nk/jbeA=="
    },
    "vscode-nls": {
      "version": "5.0.0",
      "resolved": "https://registry.npmjs.org/vscode-nls/-/vscode-nls-5.0.0.tgz",
      "integrity": "sha512-u0Lw+IYlgbEJFF6/qAqG2d1jQmJl0eyAGJHoAJqr2HT4M2BNuQYSEiSE75f52pXHSJm8AlTjnLLbBFPrdz2hpA=="
    },
    "vscode-uri": {
      "version": "3.0.3",
      "resolved": "https://registry.npmjs.org/vscode-uri/-/vscode-uri-3.0.3.tgz",
      "integrity": "sha512-EcswR2S8bpR7fD0YPeS7r2xXExrScVMxg4MedACaWHEtx9ftCF/qHG1xGkolzTPcEmjTavCQgbVzHUIdTMzFGA=="
    }
  }
}
